
Microsoft Visual Studio Solution File, Format Version 12.00
# Visual Studio Version 16
VisualStudioVersion = 16.0.30907.101
MinimumVisualStudioVersion = 10.0.40219.1
Project("{FAE04EC0-301F-11D3-BF4B-00C04F79EFBC}") = "DataAccess", "DataAccess\DataAccess.csproj", "{96120E7C-CF21-4F92-BE55-1628F983EE07}"
EndProject
Project("{FAE04EC0-301F-11D3-BF4B-00C04F79EFBC}") = "Business", "Business\Business.csproj", "{93FFFA15-9AC8-4A4A-95FD-9D352F0716DE}"
EndProject
Project("{FAE04EC0-301F-11D3-BF4B-00C04F79EFBC}") = "Entities", "Entities\Entities.csproj", "{660F6D92-A3A2-4432-8B7D-94C7CE94D0C6}"
EndProject
Project("{FAE04EC0-301F-11D3-BF4B-00C04F79EFBC}") = "ConsoleUI", "ConsoleUI\ConsoleUI.csproj", "{CC770963-879F-4FD4-9873-CA4C8B034923}"
EndProject
Global
	GlobalSection(SolutionConfigurationPlatforms) = preSolution
		Debug|Any CPU = Debug|Any CPU
		Release|Any CPU = Release|Any CPU
	EndGlobalSection
	GlobalSection(ProjectConfigurationPlatforms) = postSolution
		{96120E7C-CF21-4F92-BE55-1628F983EE07}.Debug|Any CPU.ActiveCfg = Debug|Any CPU
		{96120E7C-CF21-4F92-BE55-1628F983EE07}.Debug|Any CPU.Build.0 = Debug|Any CPU
		{96120E7C-CF21-4F92-BE55-1628F983EE07}.Release|Any CPU.ActiveCfg = Release|Any CPU
		{96120E7C-CF21-4F92-BE55-1628F983EE07}.Release|Any CPU.Build.0 = Release|Any CPU
		{93FFFA15-9AC8-4A4A-95FD-9D352F0716DE}.Debug|Any CPU.ActiveCfg = Debug|Any CPU
		{93FFFA15-9AC8-4A4A-95FD-9D352F0716DE}.Debug|Any CPU.Build.0 = Debug|Any CPU
		{93FFFA15-9AC8-4A4A-95FD-9D352F0716DE}.Release|Any CPU.ActiveCfg = Release|Any CPU
		{93FFFA15-9AC8-4A4A-95FD-9D352F0716DE}.Release|Any CPU.Build.0 = Release|Any CPU
		{660F6D92-A3A2-4432-8B7D-94C7CE94D0C6}.Debug|Any CPU.ActiveCfg = Debug|Any CPU
		{660F6D92-A3A2-4432-8B7D-94C7CE94D0C6}.Debug|Any CPU.Build.0 = Debug|Any CPU
		{660F6D92-A3A2-4432-8B7D-94C7CE94D0C6}.Release|Any CPU.ActiveCfg = Release|Any CPU
		{660F6D92-A3A2-4432-8B7D-94C7CE94D0C6}.Release|Any CPU.Build.0 = Release|Any CPU
		{CC770963-879F-4FD4-9873-CA4C8B034923}.Debug|Any CPU.ActiveCfg = Debug|Any CPU
		{CC770963-879F-4FD4-9873-CA4C8B034923}.Debug|Any CPU.Build.0 = Debug|Any CPU
		{CC770963-879F-4FD4-9873-CA4C8B034923}.Release|Any CPU.ActiveCfg = Release|Any CPU
		{CC770963-879F-4FD4-9873-CA4C8B034923}.Release|Any CPU.Build.0 = Release|Any CPU
	EndGlobalSection
	GlobalSection(SolutionProperties) = preSolution
		HideSolutionNode = FALSE
	EndGlobalSection
	GlobalSection(ExtensibilityGlobals) = postSolution
		SolutionGuid = {10C24658-173A-4004-B617-AF0E1132713A}
	EndGlobalSection
EndGlobal
